// !$*UTF8*$!
{
	archiveVersion = 1;
	classes = {
	};
	objectVersion = 50;
	objects = {

/* Begin PBXBuildFile section */
		CF1DDAEB265D3880004996E3 /* AppDelegate.swift in Sources */ = {isa = PBXBuildFile; fileRef = CF1DDAEA265D3880004996E3 /* AppDelegate.swift */; };
		CF1DDAED265D3880004996E3 /* SceneDelegate.swift in Sources */ = {isa = PBXBuildFile; fileRef = CF1DDAEC265D3880004996E3 /* SceneDelegate.swift */; };
		CF1DDAEF265D3880004996E3 /* ViewController.swift in Sources */ = {isa = PBXBuildFile; fileRef = CF1DDAEE265D3880004996E3 /* ViewController.swift */; };
		CF1DDAF4265D3886004996E3 /* Assets.xcassets in Resources */ = {isa = PBXBuildFile; fileRef = CF1DDAF3265D3886004996E3 /* Assets.xcassets */; };
		CF1DDAF7265D3886004996E3 /* LaunchScreen.storyboard in Resources */ = {isa = PBXBuildFile; fileRef = CF1DDAF5265D3886004996E3 /* LaunchScreen.storyboard */; };
		CF1DDB00265D3D58004996E3 /* APIKey.swift in Sources */ = {isa = PBXBuildFile; fileRef = CF1DDAFF265D3D58004996E3 /* APIKey.swift */; };
		CF1DDB03265D3E01004996E3 /* News.swift in Sources */ = {isa = PBXBuildFile; fileRef = CF1DDB02265D3E01004996E3 /* News.swift */; };
		CF1DDB06265D429E004996E3 /* NetworkManager.swift in Sources */ = {isa = PBXBuildFile; fileRef = CF1DDB05265D429E004996E3 /* NetworkManager.swift */; };
		CF1DDB09265D50E8004996E3 /* NewViewModel.swift in Sources */ = {isa = PBXBuildFile; fileRef = CF1DDB08265D50E8004996E3 /* NewViewModel.swift */; };
		CF1DDB0B265D52ED004996E3 /* NewsListViewModel.swift in Sources */ = {isa = PBXBuildFile; fileRef = CF1DDB0A265D52ED004996E3 /* NewsListViewModel.swift */; };
		CF1DDB0E265D5562004996E3 /* HeaderView.swift in Sources */ = {isa = PBXBuildFile; fileRef = CF1DDB0D265D5562004996E3 /* HeaderView.swift */; };
		CF1DDB12265D5C28004996E3 /* ShadowImageView.swift in Sources */ = {isa = PBXBuildFile; fileRef = CF1DDB11265D5C28004996E3 /* ShadowImageView.swift */; };
		CF1DDB14265DD5C9004996E3 /* NewsTableViewCell.swift in Sources */ = {isa = PBXBuildFile; fileRef = CF1DDB13265DD5C8004996E3 /* NewsTableViewCell.swift */; };
/* End PBXBuildFile section */

/* Begin PBXFileReference section */
		CF1DDAE7265D3880004996E3 /* NewDemo.app */ = {isa = PBXFileReference; explicitFileType = wrapper.application; includeInIndex = 0; path = NewDemo.app; sourceTree = BUILT_PRODUCTS_DIR; };
		CF1DDAEA265D3880004996E3 /* AppDelegate.swift */ = {isa = PBXFileReference; lastKnownFileType = sourcecode.swift; path = AppDelegate.swift; sourceTree = "<group>"; };
		CF1DDAEC265D3880004996E3 /* SceneDelegate.swift */ = {isa = PBXFileReference; lastKnownFileType = sourcecode.swift; path = SceneDelegate.swift; sourceTree = "<group>"; };
		CF1DDAEE265D3880004996E3 /* ViewController.swift */ = {isa = PBXFileReference; lastKnownFileType = sourcecode.swift; path = ViewController.swift; sourceTree = "<group>"; };
		CF1DDAF3265D3886004996E3 /* Assets.xcassets */ = {isa = PBXFileReference; lastKnownFileType = folder.assetcatalog; path = Assets.xcassets; sourceTree = "<group>"; };
		CF1DDAF6265D3886004996E3 /* Base */ = {isa = PBXFileReference; lastKnownFileType = file.storyboard; name = Base; path = Base.lproj/LaunchScreen.storyboard; sourceTree = "<group>"; };
		CF1DDAF8265D3886004996E3 /* Info.plist */ = {isa = PBXFileReference; lastKnownFileType = text.plist.xml; path = Info.plist; sourceTree = "<group>"; };
		CF1DDAFF265D3D58004996E3 /* APIKey.swift */ = {isa = PBXFileReference; lastKnownFileType = sourcecode.swift; path = APIKey.swift; sourceTree = "<group>"; };
		CF1DDB02265D3E01004996E3 /* News.swift */ = {isa = PBXFileReference; lastKnownFileType = sourcecode.swift; path = News.swift; sourceTree = "<group>"; };
		CF1DDB05265D429E004996E3 /* NetworkManager.swift */ = {isa = PBXFileReference; lastKnownFileType = sourcecode.swift; path = NetworkManager.swift; sourceTree = "<group>"; };
		CF1DDB08265D50E8004996E3 /* NewViewModel.swift */ = {isa = PBXFileReference; lastKnownFileType = sourcecode.swift; path = NewViewModel.swift; sourceTree = "<group>"; };
		CF1DDB0A265D52ED004996E3 /* NewsListViewModel.swift */ = {isa = PBXFileReference; lastKnownFileType = sourcecode.swift; path = NewsListViewModel.swift; sourceTree = "<group>"; };
		CF1DDB0D265D5562004996E3 /* HeaderView.swift */ = {isa = PBXFileReference; lastKnownFileType = sourcecode.swift; path = HeaderView.swift; sourceTree = "<group>"; };
		CF1DDB11265D5C28004996E3 /* ShadowImageView.swift */ = {isa = PBXFileReference; lastKnownFileType = sourcecode.swift; path = ShadowImageView.swift; sourceTree = "<group>"; };
		CF1DDB13265DD5C8004996E3 /* NewsTableViewCell.swift */ = {isa = PBXFileReference; lastKnownFileType = sourcecode.swift; path = NewsTableViewCell.swift; sourceTree = "<group>"; };
/* End PBXFileReference section */

/* Begin PBXFrameworksBuildPhase section */
		CF1DDAE4265D3880004996E3 /* Frameworks */ = {
			isa = PBXFrameworksBuildPhase;
			buildActionMask = 2147483647;
			files = (
			);
			runOnlyForDeploymentPostprocessing = 0;
		};
/* End PBXFrameworksBuildPhase section */

/* Begin PBXGroup section */
		CF1DDADE265D387F004996E3 = {
			isa = PBXGroup;
			children = (
				CF1DDAE9265D3880004996E3 /* NewDemo */,
				CF1DDAE8265D3880004996E3 /* Products */,
			);
			sourceTree = "<group>";
		};
		CF1DDAE8265D3880004996E3 /* Products */ = {
			isa = PBXGroup;
			children = (
				CF1DDAE7265D3880004996E3 /* NewDemo.app */,
			);
			name = Products;
			sourceTree = "<group>";
		};
		CF1DDAE9265D3880004996E3 /* NewDemo */ = {
			isa = PBXGroup;
			children = (
				CF1DDB0C265D552E004996E3 /* Views */,
				CF1DDB07265D5094004996E3 /* ViewModel */,
				CF1DDB04265D427B004996E3 /* Services */,
				CF1DDB01265D3DE9004996E3 /* Models */,
				CF1DDAFE265D3D37004996E3 /* Config */,
				CF1DDAEA265D3880004996E3 /* AppDelegate.swift */,
				CF1DDAEC265D3880004996E3 /* SceneDelegate.swift */,
				CF1DDAEE265D3880004996E3 /* ViewController.swift */,
				CF1DDAF3265D3886004996E3 /* Assets.xcassets */,
				CF1DDAF5265D3886004996E3 /* LaunchScreen.storyboard */,
				CF1DDAF8265D3886004996E3 /* Info.plist */,
			);
			path = NewDemo;
			sourceTree = "<group>";
		};
		CF1DDAFE265D3D37004996E3 /* Config */ = {
			isa = PBXGroup;
			children = (
				CF1DDAFF265D3D58004996E3 /* APIKey.swift */,
			);
			path = Config;
			sourceTree = "<group>";
		};
		CF1DDB01265D3DE9004996E3 /* Models */ = {
			isa = PBXGroup;
			children = (
				CF1DDB02265D3E01004996E3 /* News.swift */,
			);
			path = Models;
			sourceTree = "<group>";
		};
		CF1DDB04265D427B004996E3 /* Services */ = {
			isa = PBXGroup;
			children = (
				CF1DDB05265D429E004996E3 /* NetworkManager.swift */,
			);
			path = Services;
			sourceTree = "<group>";
		};
		CF1DDB07265D5094004996E3 /* ViewModel */ = {
			isa = PBXGroup;
			children = (
				CF1DDB08265D50E8004996E3 /* NewViewModel.swift */,
				CF1DDB0A265D52ED004996E3 /* NewsListViewModel.swift */,
			);
			path = ViewModel;
			sourceTree = "<group>";
		};
		CF1DDB0C265D552E004996E3 /* Views */ = {
			isa = PBXGroup;
			children = (
				CF1DDB0D265D5562004996E3 /* HeaderView.swift */,
				CF1DDB11265D5C28004996E3 /* ShadowImageView.swift */,
				CF1DDB13265DD5C8004996E3 /* NewsTableViewCell.swift */,
			);
			path = Views;
			sourceTree = "<group>";
		};
/* End PBXGroup section */

/* Begin PBXNativeTarget section */
		CF1DDAE6265D3880004996E3 /* NewDemo */ = {
			isa = PBXNativeTarget;
			buildConfigurationList = CF1DDAFB265D3886004996E3 /* Build configuration list for PBXNativeTarget "NewDemo" */;
			buildPhases = (
				CF1DDAE3265D3880004996E3 /* Sources */,
				CF1DDAE4265D3880004996E3 /* Frameworks */,
				CF1DDAE5265D3880004996E3 /* Resources */,
			);
			buildRules = (
			);
			dependencies = (
			);
			name = NewDemo;
			productName = NewDemo;
			productReference = CF1DDAE7265D3880004996E3 /* NewDemo.app */;
			productType = "com.apple.product-type.application";
		};
/* End PBXNativeTarget section */

/* Begin PBXProject section */
		CF1DDADF265D387F004996E3 /* Project object */ = {
			isa = PBXProject;
			attributes = {
				LastSwiftUpdateCheck = 1250;
				LastUpgradeCheck = 1250;
				TargetAttributes = {
					CF1DDAE6265D3880004996E3 = {
						CreatedOnToolsVersion = 12.5;
					};
				};
			};
			buildConfigurationList = CF1DDAE2265D387F004996E3 /* Build configuration list for PBXProject "NewDemo" */;
			compatibilityVersion = "Xcode 9.3";
			developmentRegion = en;
			hasScannedForEncodings = 0;
			knownRegions = (
				en,
				Base,
			);
			mainGroup = CF1DDADE265D387F004996E3;
			productRefGroup = CF1DDAE8265D3880004996E3 /* Products */;
			projectDirPath = "";
			projectRoot = "";
			targets = (
				CF1DDAE6265D3880004996E3 /* NewDemo */,
			);
		};
/* End PBXProject section */

/* Begin PBXResourcesBuildPhase section */
		CF1DDAE5265D3880004996E3 /* Resources */ = {
			isa = PBXResourcesBuildPhase;
			buildActionMask = 2147483647;
			files = (
				CF1DDAF7265D3886004996E3 /* LaunchScreen.storyboard in Resources */,
				CF1DDAF4265D3886004996E3 /* Assets.xcassets in Resources */,
			);
			runOnlyForDeploymentPostprocessing = 0;
		};
/* End PBXResourcesBuildPhase section */

/* Begin PBXSourcesBuildPhase section */
		CF1DDAE3265D3880004996E3 /* Sources */ = {
			isa = PBXSourcesBuildPhase;
			buildActionMask = 2147483647;
			files = (
				CF1DDB09265D50E8004996E3 /* NewViewModel.swift in Sources */,
				CF1DDB14265DD5C9004996E3 /* NewsTableViewCell.swift in Sources */,
				CF1DDB0E265D5562004996E3 /* HeaderView.swift in Sources */,
				CF1DDB06265D429E004996E3 /* NetworkManager.swift in Sources */,
				CF1DDAEF265D3880004996E3 /* ViewController.swift in Sources */,
				CF1DDAEB265D3880004996E3 /* AppDelegate.swift in Sources */,
				CF1DDB00265D3D58004996E3 /* APIKey.swift in Sources */,
				CF1DDB03265D3E01004996E3 /* News.swift in Sources */,
				CF1DDAED265D3880004996E3 /* SceneDelegate.swift in Sources */,
				CF1DDB12265D5C28004996E3 /* ShadowImageView.swift in Sources */,
				CF1DDB0B265D52ED004996E3 /* NewsListViewModel.swift in Sources */,
			);
			runOnlyForDeploymentPostprocessing = 0;
		};
/* End PBXSourcesBuildPhase section */

/* Begin PBXVariantGroup section */
		CF1DDAF5265D3886004996E3 /* LaunchScreen.storyboard */ = {
			isa = PBXVariantGroup;
			children = (
				CF1DDAF6265D3886004996E3 /* Base */,
			);
			name = LaunchScreen.storyboard;
			sourceTree = "<group>";
		};
/* End PBXVariantGroup section */

/* Begin XCBuildConfiguration section */
		CF1DDAF9265D3886004996E3 /* Debug */ = {
			isa = XCBuildConfiguration;
			buildSettings = {
				ALWAYS_SEARCH_USER_PATHS = NO;
				CLANG_ANALYZER_NONNULL = YES;
				CLANG_ANALYZER_NUMBER_OBJECT_CONVERSION = YES_AGGRESSIVE;
				CLANG_CXX_LANGUAGE_STANDARD = "gnu++14";
				CLANG_CXX_LIBRARY = "libc++";
				CLANG_ENABLE_MODULES = YES;
				CLANG_ENABLE_OBJC_ARC = YES;
				CLANG_ENABLE_OBJC_WEAK = YES;
				CLANG_WARN_BLOCK_CAPTURE_AUTORELEASING = YES;
				CLANG_WARN_BOOL_CONVERSION = YES;
				CLANG_WARN_COMMA = YES;
				CLANG_WARN_CONSTANT_CONVERSION = YES;
				CLANG_WARN_DEPRECATED_OBJC_IMPLEMENTATIONS = YES;
				CLANG_WARN_DIRECT_OBJC_ISA_USAGE = YES_ERROR;
				CLANG_WARN_DOCUMENTATION_COMMENTS = YES;
				CLANG_WARN_EMPTY_BODY = YES;
				CLANG_WARN_ENUM_CONVERSION = YES;
				CLANG_WARN_INFINITE_RECURSION = YES;
				CLANG_WARN_INT_CONVERSION = YES;
				CLANG_WARN_NON_LITERAL_NULL_CONVERSION = YES;
				CLANG_WARN_OBJC_IMPLICIT_RETAIN_SELF = YES;
				CLANG_WARN_OBJC_LITERAL_CONVERSION = YES;
				CLANG_WARN_OBJC_ROOT_CLASS = YES_ERROR;
				CLANG_WARN_QUOTED_INCLUDE_IN_FRAMEWORK_HEADER = YES;
				CLANG_WARN_RANGE_LOOP_ANALYSIS = YES;
				CLANG_WARN_STRICT_PROTOTYPES = YES;
				CLANG_WARN_SUSPICIOUS_MOVE = YES;
				CLANG_WARN_UNGUARDED_AVAILABILITY = YES_AGGRESSIVE;
				CLANG_WARN_UNREACHABLE_CODE = YES;
				CLANG_WARN__DUPLICATE_METHOD_MATCH = YES;
				COPY_PHASE_STRIP = NO;
				DEBUG_INFORMATION_FORMAT = dwarf;
				ENABLE_STRICT_OBJC_MSGSEND = YES;
				ENABLE_TESTABILITY = YES;
				GCC_C_LANGUAGE_STANDARD = gnu11;
				GCC_DYNAMIC_NO_PIC = NO;
				GCC_NO_COMMON_BLOCKS = YES;
				GCC_OPTIMIZATION_LEVEL = 0;
				GCC_PREPROCESSOR_DEFINITIONS = (
					"DEBUG=1",
					"$(inherited)",
				);
				GCC_WARN_64_TO_32_BIT_CONVERSION = YES;
				GCC_WARN_ABOUT_RETURN_TYPE = YES_ERROR;
				GCC_WARN_UNDECLARED_SELECTOR = YES;
				GCC_WARN_UNINITIALIZED_AUTOS = YES_AGGRESSIVE;
				GCC_WARN_UNUSED_FUNCTION = YES;
				GCC_WARN_UNUSED_VARIABLE = YES;
				IPHONEOS_DEPLOYMENT_TARGET = 14.5;
				MTL_ENABLE_DEBUG_INFO = INCLUDE_SOURCE;
				MTL_FAST_MATH = YES;
				ONLY_ACTIVE_ARCH = YES;
				SDKROOT = iphoneos;
				SWIFT_ACTIVE_COMPILATION_CONDITIONS = DEBUG;
				SWIFT_OPTIMIZATION_LEVEL = "-Onone";
			};
			name = Debug;
		};
		CF1DDAFA265D3886004996E3 /* Release */ = {
			isa = XCBuildConfiguration;
			buildSettings = {
				ALWAYS_SEARCH_USER_PATHS = NO;
				CLANG_ANALYZER_NONNULL = YES;
				CLANG_ANALYZER_NUMBER_OBJECT_CONVERSION = YES_AGGRESSIVE;
				CLANG_CXX_LANGUAGE_STANDARD = "gnu++14";
				CLANG_CXX_LIBRARY = "libc++";
				CLANG_ENABLE_MODULES = YES;
				CLANG_ENABLE_OBJC_ARC = YES;
				CLANG_ENABLE_OBJC_WEAK = YES;
				CLANG_WARN_BLOCK_CAPTURE_AUTORELEASING = YES;
				CLANG_WARN_BOOL_CONVERSION = YES;
				CLANG_WARN_COMMA = YES;
				CLANG_WARN_CONSTANT_CONVERSION = YES;
				CLANG_WARN_DEPRECATED_OBJC_IMPLEMENTATIONS = YES;
				CLANG_WARN_DIRECT_OBJC_ISA_USAGE = YES_ERROR;
				CLANG_WARN_DOCUMENTATION_COMMENTS = YES;
				CLANG_WARN_EMPTY_BODY = YES;
				CLANG_WARN_ENUM_CONVERSION = YES;
				CLANG_WARN_INFINITE_RECURSION = YES;
				CLANG_WARN_INT_CONVERSION = YES;
				CLANG_WARN_NON_LITERAL_NULL_CONVERSION = YES;
				CLANG_WARN_OBJC_IMPLICIT_RETAIN_SELF = YES;
				CLANG_WARN_OBJC_LITERAL_CONVERSION = YES;
				CLANG_WARN_OBJC_ROOT_CLASS = YES_ERROR;
				CLANG_WARN_QUOTED_INCLUDE_IN_FRAMEWORK_HEADER = YES;
				CLANG_WARN_RANGE_LOOP_ANALYSIS = YES;
				CLANG_WARN_STRICT_PROTOTYPES = YES;
				CLANG_WARN_SUSPICIOUS_MOVE = YES;
				CLANG_WARN_UNGUARDED_AVAILABILITY = YES_AGGRESSIVE;
				CLANG_WARN_UNREACHABLE_CODE = YES;
				CLANG_WARN__DUPLICATE_METHOD_MATCH = YES;
				COPY_PHASE_STRIP = NO;
				DEBUG_INFORMATION_FORMAT = "dwarf-with-dsym";
				ENABLE_NS_ASSERTIONS = NO;
				ENABLE_STRICT_OBJC_MSGSEND = YES;
				GCC_C_LANGUAGE_STANDARD = gnu11;
				GCC_NO_COMMON_BLOCKS = YES;
				GCC_WARN_64_TO_32_BIT_CONVERSION = YES;
				GCC_WARN_ABOUT_RETURN_TYPE = YES_ERROR;
				GCC_WARN_UNDECLARED_SELECTOR = YES;
				GCC_WARN_UNINITIALIZED_AUTOS = YES_AGGRESSIVE;
				GCC_WARN_UNUSED_FUNCTION = YES;
				GCC_WARN_UNUSED_VARIABLE = YES;
				IPHONEOS_DEPLOYMENT_TARGET = 14.5;
				MTL_ENABLE_DEBUG_INFO = NO;
				MTL_FAST_MATH = YES;
				SDKROOT = iphoneos;
				SWIFT_COMPILATION_MODE = wholemodule;
				SWIFT_OPTIMIZATION_LEVEL = "-O";
				VALIDATE_PRODUCT = YES;
			};
			name = Release;
		};
		CF1DDAFC265D3886004996E3 /* Debug */ = {
			isa = XCBuildConfiguration;
			buildSettings = {
				ASSETCATALOG_COMPILER_APPICON_NAME = AppIcon;
				ASSETCATALOG_COMPILER_GLOBAL_ACCENT_COLOR_NAME = AccentColor;
				CODE_SIGN_STYLE = Automatic;
				DEVELOPMENT_TEAM = H75V4RTPPG;
				INFOPLIST_FILE = NewDemo/Info.plist;
				IPHONEOS_DEPLOYMENT_TARGET = 14.1;
				LD_RUNPATH_SEARCH_PATHS = (
					"$(inherited)",
					"@executable_path/Frameworks",
				);
				PRODUCT_BUNDLE_IDENTIFIER = com.zhugeliang.NewDemo;
				PRODUCT_NAME = "$(TARGET_NAME)";
				SWIFT_VERSION = 5.0;
				TARGETED_DEVICE_FAMILY = "1,2";
			};
			name = Debug;
		};
		CF1DDAFD265D3886004996E3 /* Release */ = {
			isa = XCBuildConfiguration;
			buildSettings = {
				ASSETCATALOG_COMPILER_APPICON_NAME = AppIcon;
				ASSETCATALOG_COMPILER_GLOBAL_ACCENT_COLOR_NAME = AccentColor;
				CODE_SIGN_STYLE = Automatic;
				DEVELOPMENT_TEAM = H75V4RTPPG;
				INFOPLIST_FILE = NewDemo/Info.plist;
				IPHONEOS_DEPLOYMENT_TARGET = 14.1;
				LD_RUNPATH_SEARCH_PATHS = (
					"$(inherited)",
					"@executable_path/Frameworks",
				);
				PRODUCT_BUNDLE_IDENTIFIER = com.zhugeliang.NewDemo;
				PRODUCT_NAME = "$(TARGET_NAME)";
				SWIFT_VERSION = 5.0;
				TARGETED_DEVICE_FAMILY = "1,2";
			};
			name = Release;
		};
/* End XCBuildConfiguration section */

/* Begin XCConfigurationList section */
		CF1DDAE2265D387F004996E3 /* Build configuration list for PBXProject "NewDemo" */ = {
			isa = XCConfigurationList;
			buildConfigurations = (
				CF1DDAF9265D3886004996E3 /* Debug */,
				CF1DDAFA265D3886004996E3 /* Release */,
			);
			defaultConfigurationIsVisible = 0;
			defaultConfigurationName = Release;
		};
		CF1DDAFB265D3886004996E3 /* Build configuration list for PBXNativeTarget "NewDemo" */ = {
			isa = XCConfigurationList;
			buildConfigurations = (
				CF1DDAFC265D3886004996E3 /* Debug */,
				CF1DDAFD265D3886004996E3 /* Release */,
			);
			defaultConfigurationIsVisible = 0;
			defaultConfigurationName = Release;
		};
/* End XCConfigurationList section */
	};
	rootObject = CF1DDADF265D387F004996E3 /* Project object */;
}
